// !$*UTF8*$!
{
	archiveVersion = 1;
	classes = {
	};
	objectVersion = 55;
	objects = {

/* Begin PBXBuildFile section */
		D001C3B22899314B0082A4E0 /* BeerListViewController.swift in Sources */ = {isa = PBXBuildFile; fileRef = D001C3B12899314B0082A4E0 /* BeerListViewController.swift */; };
		D002A9692897CA8900E53834 /* BeerAPIViewController.swift in Sources */ = {isa = PBXBuildFile; fileRef = D002A9682897CA8900E53834 /* BeerAPIViewController.swift */; };
		D0399C662897527C00D5FDD0 /* ReusableViewProtocol.swift in Sources */ = {isa = PBXBuildFile; fileRef = D0399C652897527C00D5FDD0 /* ReusableViewProtocol.swift */; };
		D0399C692897578F00D5FDD0 /* Constant.swift in Sources */ = {isa = PBXBuildFile; fileRef = D0399C682897578F00D5FDD0 /* Constant.swift */; };
		D0399C6B28975FAB00D5FDD0 /* UserDefaultsHelper.swift in Sources */ = {isa = PBXBuildFile; fileRef = D0399C6A28975FAB00D5FDD0 /* UserDefaultsHelper.swift */; };
		D0399C6E28977CEA00D5FDD0 /* Alamofire in Frameworks */ = {isa = PBXBuildFile; productRef = D0399C6D28977CEA00D5FDD0 /* Alamofire */; };
		D0399C7128977D0300D5FDD0 /* SwiftyJSON in Frameworks */ = {isa = PBXBuildFile; productRef = D0399C7028977D0300D5FDD0 /* SwiftyJSON */; };
		D04BD12928935D4B00886AD3 /* LocationViewController.swift in Sources */ = {isa = PBXBuildFile; fileRef = D04BD12828935D4B00886AD3 /* LocationViewController.swift */; };
		D04BD12C289384E800886AD3 /* HBIOS-SYS.ttf in Resources */ = {isa = PBXBuildFile; fileRef = D04BD12B289384E800886AD3 /* HBIOS-SYS.ttf */; };
		D050130C289D5C41002607F0 /* UserDefaultsManager.swift in Sources */ = {isa = PBXBuildFile; fileRef = D050130B289D5C41002607F0 /* UserDefaultsManager.swift */; };
		D064A48D289A0943000FC6A9 /* ImageSearchViewController.swift in Sources */ = {isa = PBXBuildFile; fileRef = D064A48C289A0943000FC6A9 /* ImageSearchViewController.swift */; };
		D07AEBDC289B506B00535701 /* JGProgressHUD in Frameworks */ = {isa = PBXBuildFile; productRef = D07AEBDB289B506B00535701 /* JGProgressHUD */; };
		D08098C1289262E800AAE88D /* CustomTabBarController.swift in Sources */ = {isa = PBXBuildFile; fileRef = D08098C0289262E800AAE88D /* CustomTabBarController.swift */; };
		D0BDFD042890DD98002DEA45 /* AppDelegate.swift in Sources */ = {isa = PBXBuildFile; fileRef = D0BDFD032890DD98002DEA45 /* AppDelegate.swift */; };
		D0BDFD062890DD98002DEA45 /* SceneDelegate.swift in Sources */ = {isa = PBXBuildFile; fileRef = D0BDFD052890DD98002DEA45 /* SceneDelegate.swift */; };
		D0BDFD0B2890DD98002DEA45 /* Main.storyboard in Resources */ = {isa = PBXBuildFile; fileRef = D0BDFD092890DD98002DEA45 /* Main.storyboard */; };
		D0BDFD0D2890DD99002DEA45 /* Assets.xcassets in Resources */ = {isa = PBXBuildFile; fileRef = D0BDFD0C2890DD99002DEA45 /* Assets.xcassets */; };
		D0BDFD102890DD99002DEA45 /* LaunchScreen.storyboard in Resources */ = {isa = PBXBuildFile; fileRef = D0BDFD0E2890DD99002DEA45 /* LaunchScreen.storyboard */; };
		D0BDFD182890E1F8002DEA45 /* SearchViewController.swift in Sources */ = {isa = PBXBuildFile; fileRef = D0BDFD172890E1F8002DEA45 /* SearchViewController.swift */; };
		D0BDFD1B2890E4CE002DEA45 /* ListTableViewCell.swift in Sources */ = {isa = PBXBuildFile; fileRef = D0BDFD192890E4CE002DEA45 /* ListTableViewCell.swift */; };
		D0BDFD1C2890E4CE002DEA45 /* ListTableViewCell.xib in Resources */ = {isa = PBXBuildFile; fileRef = D0BDFD1A2890E4CE002DEA45 /* ListTableViewCell.xib */; };
		D0D2548B28920CD400AB0CC5 /* ViewPresentbleProtocol.swift in Sources */ = {isa = PBXBuildFile; fileRef = D0D2548A28920CD400AB0CC5 /* ViewPresentbleProtocol.swift */; };
		D0D2548E2892119F00AB0CC5 /* ViewController.swift in Sources */ = {isa = PBXBuildFile; fileRef = D0D2548D2892119F00AB0CC5 /* ViewController.swift */; };
		D0D254912892236A00AB0CC5 /* LottoViewController.swift in Sources */ = {isa = PBXBuildFile; fileRef = D0D254902892236A00AB0CC5 /* LottoViewController.swift */; };
		D0D254932892304F00AB0CC5 /* TranslateViewController.swift in Sources */ = {isa = PBXBuildFile; fileRef = D0D254922892304F00AB0CC5 /* TranslateViewController.swift */; };
		D0D2549528923A9F00AB0CC5 /* WebViewController.swift in Sources */ = {isa = PBXBuildFile; fileRef = D0D2549428923A9F00AB0CC5 /* WebViewController.swift */; };
		D0E10D84289A4A4A004BAA0C /* ImageSearchCollectionViewCell.swift in Sources */ = {isa = PBXBuildFile; fileRef = D0E10D82289A4A4A004BAA0C /* ImageSearchCollectionViewCell.swift */; };
		D0E10D85289A4A4A004BAA0C /* ImageSearchCollectionViewCell.xib in Resources */ = {isa = PBXBuildFile; fileRef = D0E10D83289A4A4A004BAA0C /* ImageSearchCollectionViewCell.xib */; };
		D0EAB2CE2899331200207C7F /* BeerCollectionViewCell.swift in Sources */ = {isa = PBXBuildFile; fileRef = D0EAB2CC2899331200207C7F /* BeerCollectionViewCell.swift */; };
		D0EAB2CF2899331200207C7F /* BeerCollectionViewCell.xib in Resources */ = {isa = PBXBuildFile; fileRef = D0EAB2CD2899331200207C7F /* BeerCollectionViewCell.xib */; };
		D0EAB2D12899381700207C7F /* BeerModel.swift in Sources */ = {isa = PBXBuildFile; fileRef = D0EAB2D02899381700207C7F /* BeerModel.swift */; };
		D0F125BD289CB3FB00FB0A51 /* ImageSearchAPIManager.swift in Sources */ = {isa = PBXBuildFile; fileRef = D0F125BC289CB3FB00FB0A51 /* ImageSearchAPIManager.swift */; };
		D0F41D7A2898BD2400277673 /* BoxOfficeModel.swift in Sources */ = {isa = PBXBuildFile; fileRef = D0F41D792898BD2400277673 /* BoxOfficeModel.swift */; };
/* End PBXBuildFile section */

/* Begin PBXFileReference section */
		D001C3B12899314B0082A4E0 /* BeerListViewController.swift */ = {isa = PBXFileReference; lastKnownFileType = sourcecode.swift; path = BeerListViewController.swift; sourceTree = "<group>"; };
		D002A9682897CA8900E53834 /* BeerAPIViewController.swift */ = {isa = PBXFileReference; lastKnownFileType = sourcecode.swift; path = BeerAPIViewController.swift; sourceTree = "<group>"; };
		D0399C652897527C00D5FDD0 /* ReusableViewProtocol.swift */ = {isa = PBXFileReference; lastKnownFileType = sourcecode.swift; path = ReusableViewProtocol.swift; sourceTree = "<group>"; };
		D0399C682897578F00D5FDD0 /* Constant.swift */ = {isa = PBXFileReference; lastKnownFileType = sourcecode.swift; path = Constant.swift; sourceTree = "<group>"; };
		D0399C6A28975FAB00D5FDD0 /* UserDefaultsHelper.swift */ = {isa = PBXFileReference; lastKnownFileType = sourcecode.swift; path = UserDefaultsHelper.swift; sourceTree = "<group>"; };
		D04BD12828935D4B00886AD3 /* LocationViewController.swift */ = {isa = PBXFileReference; lastKnownFileType = sourcecode.swift; path = LocationViewController.swift; sourceTree = "<group>"; };
		D04BD12B289384E800886AD3 /* HBIOS-SYS.ttf */ = {isa = PBXFileReference; lastKnownFileType = file; path = "HBIOS-SYS.ttf"; sourceTree = "<group>"; };
		D050130B289D5C41002607F0 /* UserDefaultsManager.swift */ = {isa = PBXFileReference; lastKnownFileType = sourcecode.swift; path = UserDefaultsManager.swift; sourceTree = "<group>"; };
		D064A48C289A0943000FC6A9 /* ImageSearchViewController.swift */ = {isa = PBXFileReference; lastKnownFileType = sourcecode.swift; path = ImageSearchViewController.swift; sourceTree = "<group>"; };
		D08098C0289262E800AAE88D /* CustomTabBarController.swift */ = {isa = PBXFileReference; lastKnownFileType = sourcecode.swift; path = CustomTabBarController.swift; sourceTree = "<group>"; };
		D0BDFD002890DD98002DEA45 /* SeSac4LectureNetworkBasic.app */ = {isa = PBXFileReference; explicitFileType = wrapper.application; includeInIndex = 0; path = SeSac4LectureNetworkBasic.app; sourceTree = BUILT_PRODUCTS_DIR; };
		D0BDFD032890DD98002DEA45 /* AppDelegate.swift */ = {isa = PBXFileReference; lastKnownFileType = sourcecode.swift; path = AppDelegate.swift; sourceTree = "<group>"; };
		D0BDFD052890DD98002DEA45 /* SceneDelegate.swift */ = {isa = PBXFileReference; lastKnownFileType = sourcecode.swift; path = SceneDelegate.swift; sourceTree = "<group>"; };
		D0BDFD0A2890DD98002DEA45 /* Base */ = {isa = PBXFileReference; lastKnownFileType = file.storyboard; name = Base; path = Base.lproj/Main.storyboard; sourceTree = "<group>"; };
		D0BDFD0C2890DD99002DEA45 /* Assets.xcassets */ = {isa = PBXFileReference; lastKnownFileType = folder.assetcatalog; path = Assets.xcassets; sourceTree = "<group>"; };
		D0BDFD0F2890DD99002DEA45 /* Base */ = {isa = PBXFileReference; lastKnownFileType = file.storyboard; name = Base; path = Base.lproj/LaunchScreen.storyboard; sourceTree = "<group>"; };
		D0BDFD112890DD99002DEA45 /* Info.plist */ = {isa = PBXFileReference; lastKnownFileType = text.plist.xml; path = Info.plist; sourceTree = "<group>"; };
		D0BDFD172890E1F8002DEA45 /* SearchViewController.swift */ = {isa = PBXFileReference; lastKnownFileType = sourcecode.swift; path = SearchViewController.swift; sourceTree = "<group>"; };
		D0BDFD192890E4CE002DEA45 /* ListTableViewCell.swift */ = {isa = PBXFileReference; lastKnownFileType = sourcecode.swift; path = ListTableViewCell.swift; sourceTree = "<group>"; };
		D0BDFD1A2890E4CE002DEA45 /* ListTableViewCell.xib */ = {isa = PBXFileReference; lastKnownFileType = file.xib; path = ListTableViewCell.xib; sourceTree = "<group>"; };
		D0D2548A28920CD400AB0CC5 /* ViewPresentbleProtocol.swift */ = {isa = PBXFileReference; lastKnownFileType = sourcecode.swift; path = ViewPresentbleProtocol.swift; sourceTree = "<group>"; };
		D0D2548D2892119F00AB0CC5 /* ViewController.swift */ = {isa = PBXFileReference; lastKnownFileType = sourcecode.swift; path = ViewController.swift; sourceTree = "<group>"; };
		D0D254902892236A00AB0CC5 /* LottoViewController.swift */ = {isa = PBXFileReference; lastKnownFileType = sourcecode.swift; path = LottoViewController.swift; sourceTree = "<group>"; };
		D0D254922892304F00AB0CC5 /* TranslateViewController.swift */ = {isa = PBXFileReference; lastKnownFileType = sourcecode.swift; path = TranslateViewController.swift; sourceTree = "<group>"; };
		D0D2549428923A9F00AB0CC5 /* WebViewController.swift */ = {isa = PBXFileReference; lastKnownFileType = sourcecode.swift; path = WebViewController.swift; sourceTree = "<group>"; };
		D0E10D82289A4A4A004BAA0C /* ImageSearchCollectionViewCell.swift */ = {isa = PBXFileReference; lastKnownFileType = sourcecode.swift; path = ImageSearchCollectionViewCell.swift; sourceTree = "<group>"; };
		D0E10D83289A4A4A004BAA0C /* ImageSearchCollectionViewCell.xib */ = {isa = PBXFileReference; lastKnownFileType = file.xib; path = ImageSearchCollectionViewCell.xib; sourceTree = "<group>"; };
		D0EAB2CC2899331200207C7F /* BeerCollectionViewCell.swift */ = {isa = PBXFileReference; lastKnownFileType = sourcecode.swift; path = BeerCollectionViewCell.swift; sourceTree = "<group>"; };
		D0EAB2CD2899331200207C7F /* BeerCollectionViewCell.xib */ = {isa = PBXFileReference; lastKnownFileType = file.xib; path = BeerCollectionViewCell.xib; sourceTree = "<group>"; };
		D0EAB2D02899381700207C7F /* BeerModel.swift */ = {isa = PBXFileReference; lastKnownFileType = sourcecode.swift; path = BeerModel.swift; sourceTree = "<group>"; };
		D0F125BC289CB3FB00FB0A51 /* ImageSearchAPIManager.swift */ = {isa = PBXFileReference; lastKnownFileType = sourcecode.swift; path = ImageSearchAPIManager.swift; sourceTree = "<group>"; };
		D0F41D792898BD2400277673 /* BoxOfficeModel.swift */ = {isa = PBXFileReference; lastKnownFileType = sourcecode.swift; path = BoxOfficeModel.swift; sourceTree = "<group>"; };
/* End PBXFileReference section */

/* Begin PBXFrameworksBuildPhase section */
		D0BDFCFD2890DD98002DEA45 /* Frameworks */ = {
			isa = PBXFrameworksBuildPhase;
			buildActionMask = 2147483647;
			files = (
				D0399C7128977D0300D5FDD0 /* SwiftyJSON in Frameworks */,
				D07AEBDC289B506B00535701 /* JGProgressHUD in Frameworks */,
				D0399C6E28977CEA00D5FDD0 /* Alamofire in Frameworks */,
			);
			runOnlyForDeploymentPostprocessing = 0;
		};
/* End PBXFrameworksBuildPhase section */

/* Begin PBXGroup section */
		D001C3B3289931500082A4E0 /* BeerTabBar */ = {
			isa = PBXGroup;
			children = (
				D002A9682897CA8900E53834 /* BeerAPIViewController.swift */,
				D001C3B12899314B0082A4E0 /* BeerListViewController.swift */,
			);
			path = BeerTabBar;
			sourceTree = "<group>";
		};
		D001C3B42899315C0082A4E0 /* MainTabBar */ = {
			isa = PBXGroup;
			children = (
				D0BDFD172890E1F8002DEA45 /* SearchViewController.swift */,
				D0D254902892236A00AB0CC5 /* LottoViewController.swift */,
				D0D254922892304F00AB0CC5 /* TranslateViewController.swift */,
				D0D2549428923A9F00AB0CC5 /* WebViewController.swift */,
				D04BD12828935D4B00886AD3 /* LocationViewController.swift */,
				D064A48C289A0943000FC6A9 /* ImageSearchViewController.swift */,
			);
			path = MainTabBar;
			sourceTree = "<group>";
		};
		D002A9672897BA0500E53834 /* CustomClass */ = {
			isa = PBXGroup;
			children = (
				D08098C0289262E800AAE88D /* CustomTabBarController.swift */,
			);
			path = CustomClass;
			sourceTree = "<group>";
		};
		D0399C672897578200D5FDD0 /* Constant */ = {
			isa = PBXGroup;
			children = (
				D0399C682897578F00D5FDD0 /* Constant.swift */,
				D0399C6A28975FAB00D5FDD0 /* UserDefaultsHelper.swift */,
			);
			path = Constant;
			sourceTree = "<group>";
		};
		D04BD12728935D3800886AD3 /* ViewController */ = {
			isa = PBXGroup;
			children = (
				D001C3B42899315C0082A4E0 /* MainTabBar */,
				D001C3B3289931500082A4E0 /* BeerTabBar */,
			);
			path = ViewController;
			sourceTree = "<group>";
		};
		D04BD12A289383F700886AD3 /* Resource */ = {
			isa = PBXGroup;
			children = (
				D04BD12B289384E800886AD3 /* HBIOS-SYS.ttf */,
			);
			path = Resource;
			sourceTree = "<group>";
		};
		D0BDFCF72890DD98002DEA45 = {
			isa = PBXGroup;
			children = (
				D0BDFD022890DD98002DEA45 /* SeSac4LectureNetworkBasic */,
				D0BDFD012890DD98002DEA45 /* Products */,
			);
			sourceTree = "<group>";
		};
		D0BDFD012890DD98002DEA45 /* Products */ = {
			isa = PBXGroup;
			children = (
				D0BDFD002890DD98002DEA45 /* SeSac4LectureNetworkBasic.app */,
			);
			name = Products;
			sourceTree = "<group>";
		};
		D0BDFD022890DD98002DEA45 /* SeSac4LectureNetworkBasic */ = {
			isa = PBXGroup;
			children = (
				D0399C672897578200D5FDD0 /* Constant */,
				D04BD12A289383F700886AD3 /* Resource */,
				D0D2548928920CA600AB0CC5 /* Protocol */,
				D0D2548C28920EE500AB0CC5 /* LifeCycle */,
				D0BDFD092890DD98002DEA45 /* Main.storyboard */,
				D04BD12728935D3800886AD3 /* ViewController */,
				D0EAB2CB289932D200207C7F /* Cell */,
				D0D2548D2892119F00AB0CC5 /* ViewController.swift */,
				D0F41D782898BD1B00277673 /* Model */,
				D0F125BB289CB3E400FB0A51 /* Manager */,
				D002A9672897BA0500E53834 /* CustomClass */,
				D0BDFD0C2890DD99002DEA45 /* Assets.xcassets */,
				D0BDFD0E2890DD99002DEA45 /* LaunchScreen.storyboard */,
				D0BDFD112890DD99002DEA45 /* Info.plist */,
			);
			path = SeSac4LectureNetworkBasic;
			sourceTree = "<group>";
		};
		D0D2548928920CA600AB0CC5 /* Protocol */ = {
			isa = PBXGroup;
			children = (
				D0D2548A28920CD400AB0CC5 /* ViewPresentbleProtocol.swift */,
				D0399C652897527C00D5FDD0 /* ReusableViewProtocol.swift */,
			);
			path = Protocol;
			sourceTree = "<group>";
		};
		D0D2548C28920EE500AB0CC5 /* LifeCycle */ = {
			isa = PBXGroup;
			children = (
				D0BDFD032890DD98002DEA45 /* AppDelegate.swift */,
				D0BDFD052890DD98002DEA45 /* SceneDelegate.swift */,
			);
			path = LifeCycle;
			sourceTree = "<group>";
		};
		D0D2548F289221E700AB0CC5 /* ListTableViewCell */ = {
			isa = PBXGroup;
			children = (
				D0BDFD192890E4CE002DEA45 /* ListTableViewCell.swift */,
				D0BDFD1A2890E4CE002DEA45 /* ListTableViewCell.xib */,
			);
			path = ListTableViewCell;
			sourceTree = "<group>";
		};
		D0E10D81289A4A28004BAA0C /* ImageSearchCollectionViewCell */ = {
			isa = PBXGroup;
			children = (
				D0E10D82289A4A4A004BAA0C /* ImageSearchCollectionViewCell.swift */,
				D0E10D83289A4A4A004BAA0C /* ImageSearchCollectionViewCell.xib */,
			);
			path = ImageSearchCollectionViewCell;
			sourceTree = "<group>";
		};
		D0EAB2CA289932C700207C7F /* BeerCollectionViewCell */ = {
			isa = PBXGroup;
			children = (
				D0EAB2CC2899331200207C7F /* BeerCollectionViewCell.swift */,
				D0EAB2CD2899331200207C7F /* BeerCollectionViewCell.xib */,
			);
			path = BeerCollectionViewCell;
			sourceTree = "<group>";
		};
		D0EAB2CB289932D200207C7F /* Cell */ = {
			isa = PBXGroup;
			children = (
				D0E10D81289A4A28004BAA0C /* ImageSearchCollectionViewCell */,
				D0D2548F289221E700AB0CC5 /* ListTableViewCell */,
				D0EAB2CA289932C700207C7F /* BeerCollectionViewCell */,
			);
			path = Cell;
			sourceTree = "<group>";
		};
		D0F125BB289CB3E400FB0A51 /* Manager */ = {
			isa = PBXGroup;
			children = (
				D0F125BC289CB3FB00FB0A51 /* ImageSearchAPIManager.swift */,
				D050130B289D5C41002607F0 /* UserDefaultsManager.swift */,
			);
			path = Manager;
			sourceTree = "<group>";
		};
		D0F41D782898BD1B00277673 /* Model */ = {
			isa = PBXGroup;
			children = (
				D0F41D792898BD2400277673 /* BoxOfficeModel.swift */,
				D0EAB2D02899381700207C7F /* BeerModel.swift */,
			);
			path = Model;
			sourceTree = "<group>";
		};
/* End PBXGroup section */

/* Begin PBXNativeTarget section */
		D0BDFCFF2890DD98002DEA45 /* SeSac4LectureNetworkBasic */ = {
			isa = PBXNativeTarget;
			buildConfigurationList = D0BDFD142890DD99002DEA45 /* Build configuration list for PBXNativeTarget "SeSac4LectureNetworkBasic" */;
			buildPhases = (
				D0BDFCFC2890DD98002DEA45 /* Sources */,
				D0BDFCFD2890DD98002DEA45 /* Frameworks */,
				D0BDFCFE2890DD98002DEA45 /* Resources */,
			);
			buildRules = (
			);
			dependencies = (
			);
			name = SeSac4LectureNetworkBasic;
			packageProductDependencies = (
				D0399C6D28977CEA00D5FDD0 /* Alamofire */,
				D0399C7028977D0300D5FDD0 /* SwiftyJSON */,
				D07AEBDB289B506B00535701 /* JGProgressHUD */,
			);
			productName = SeSac4LectureNetworkBasic;
			productReference = D0BDFD002890DD98002DEA45 /* SeSac4LectureNetworkBasic.app */;
			productType = "com.apple.product-type.application";
		};
/* End PBXNativeTarget section */

/* Begin PBXProject section */
		D0BDFCF82890DD98002DEA45 /* Project object */ = {
			isa = PBXProject;
			attributes = {
				BuildIndependentTargetsInParallel = 1;
				LastSwiftUpdateCheck = 1340;
				LastUpgradeCheck = 1340;
				TargetAttributes = {
					D0BDFCFF2890DD98002DEA45 = {
						CreatedOnToolsVersion = 13.4.1;
					};
				};
			};
			buildConfigurationList = D0BDFCFB2890DD98002DEA45 /* Build configuration list for PBXProject "SeSac4LectureNetworkBasic" */;
			compatibilityVersion = "Xcode 13.0";
			developmentRegion = en;
			hasScannedForEncodings = 0;
			knownRegions = (
				en,
				Base,
			);
			mainGroup = D0BDFCF72890DD98002DEA45;
			packageReferences = (
				D0399C6C28977CEA00D5FDD0 /* XCRemoteSwiftPackageReference "Alamofire" */,
				D0399C6F28977D0300D5FDD0 /* XCRemoteSwiftPackageReference "SwiftyJSON" */,
				D07AEBDA289B506B00535701 /* XCRemoteSwiftPackageReference "JGProgressHUD" */,
			);
			productRefGroup = D0BDFD012890DD98002DEA45 /* Products */;
			projectDirPath = "";
			projectRoot = "";
			targets = (
				D0BDFCFF2890DD98002DEA45 /* SeSac4LectureNetworkBasic */,
			);
		};
/* End PBXProject section */

/* Begin PBXResourcesBuildPhase section */
		D0BDFCFE2890DD98002DEA45 /* Resources */ = {
			isa = PBXResourcesBuildPhase;
			buildActionMask = 2147483647;
			files = (
				D0BDFD102890DD99002DEA45 /* LaunchScreen.storyboard in Resources */,
				D04BD12C289384E800886AD3 /* HBIOS-SYS.ttf in Resources */,
				D0BDFD1C2890E4CE002DEA45 /* ListTableViewCell.xib in Resources */,
				D0BDFD0D2890DD99002DEA45 /* Assets.xcassets in Resources */,
				D0EAB2CF2899331200207C7F /* BeerCollectionViewCell.xib in Resources */,
				D0E10D85289A4A4A004BAA0C /* ImageSearchCollectionViewCell.xib in Resources */,
				D0BDFD0B2890DD98002DEA45 /* Main.storyboard in Resources */,
			);
			runOnlyForDeploymentPostprocessing = 0;
		};
/* End PBXResourcesBuildPhase section */

/* Begin PBXSourcesBuildPhase section */
		D0BDFCFC2890DD98002DEA45 /* Sources */ = {
			isa = PBXSourcesBuildPhase;
			buildActionMask = 2147483647;
			files = (
				D0399C6B28975FAB00D5FDD0 /* UserDefaultsHelper.swift in Sources */,
				D0D2548E2892119F00AB0CC5 /* ViewController.swift in Sources */,
				D0EAB2CE2899331200207C7F /* BeerCollectionViewCell.swift in Sources */,
				D0D2549528923A9F00AB0CC5 /* WebViewController.swift in Sources */,
				D002A9692897CA8900E53834 /* BeerAPIViewController.swift in Sources */,
				D08098C1289262E800AAE88D /* CustomTabBarController.swift in Sources */,
				D064A48D289A0943000FC6A9 /* ImageSearchViewController.swift in Sources */,
				D050130C289D5C41002607F0 /* UserDefaultsManager.swift in Sources */,
				D0F41D7A2898BD2400277673 /* BoxOfficeModel.swift in Sources */,
				D0BDFD182890E1F8002DEA45 /* SearchViewController.swift in Sources */,
				D0BDFD1B2890E4CE002DEA45 /* ListTableViewCell.swift in Sources */,
				D0399C662897527C00D5FDD0 /* ReusableViewProtocol.swift in Sources */,
				D001C3B22899314B0082A4E0 /* BeerListViewController.swift in Sources */,
				D04BD12928935D4B00886AD3 /* LocationViewController.swift in Sources */,
				D0D254912892236A00AB0CC5 /* LottoViewController.swift in Sources */,
				D0BDFD042890DD98002DEA45 /* AppDelegate.swift in Sources */,
				D0399C692897578F00D5FDD0 /* Constant.swift in Sources */,
				D0D254932892304F00AB0CC5 /* TranslateViewController.swift in Sources */,
				D0D2548B28920CD400AB0CC5 /* ViewPresentbleProtocol.swift in Sources */,
				D0BDFD062890DD98002DEA45 /* SceneDelegate.swift in Sources */,
				D0E10D84289A4A4A004BAA0C /* ImageSearchCollectionViewCell.swift in Sources */,
				D0F125BD289CB3FB00FB0A51 /* ImageSearchAPIManager.swift in Sources */,
				D0EAB2D12899381700207C7F /* BeerModel.swift in Sources */,
			);
			runOnlyForDeploymentPostprocessing = 0;
		};
/* End PBXSourcesBuildPhase section */

/* Begin PBXVariantGroup section */
		D0BDFD092890DD98002DEA45 /* Main.storyboard */ = {
			isa = PBXVariantGroup;
			children = (
				D0BDFD0A2890DD98002DEA45 /* Base */,
			);
			name = Main.storyboard;
			sourceTree = "<group>";
		};
		D0BDFD0E2890DD99002DEA45 /* LaunchScreen.storyboard */ = {
			isa = PBXVariantGroup;
			children = (
				D0BDFD0F2890DD99002DEA45 /* Base */,
			);
			name = LaunchScreen.storyboard;
			sourceTree = "<group>";
		};
/* End PBXVariantGroup section */

/* Begin XCBuildConfiguration section */
		D0BDFD122890DD99002DEA45 /* Debug */ = {
			isa = XCBuildConfiguration;
			buildSettings = {
				ALWAYS_SEARCH_USER_PATHS = NO;
				CLANG_ANALYZER_NONNULL = YES;
				CLANG_ANALYZER_NUMBER_OBJECT_CONVERSION = YES_AGGRESSIVE;
				CLANG_CXX_LANGUAGE_STANDARD = "gnu++17";
				CLANG_ENABLE_MODULES = YES;
				CLANG_ENABLE_OBJC_ARC = YES;
				CLANG_ENABLE_OBJC_WEAK = YES;
				CLANG_WARN_BLOCK_CAPTURE_AUTORELEASING = YES;
				CLANG_WARN_BOOL_CONVERSION = YES;
				CLANG_WARN_COMMA = YES;
				CLANG_WARN_CONSTANT_CONVERSION = YES;
				CLANG_WARN_DEPRECATED_OBJC_IMPLEMENTATIONS = YES;
				CLANG_WARN_DIRECT_OBJC_ISA_USAGE = YES_ERROR;
				CLANG_WARN_DOCUMENTATION_COMMENTS = YES;
				CLANG_WARN_EMPTY_BODY = YES;
				CLANG_WARN_ENUM_CONVERSION = YES;
				CLANG_WARN_INFINITE_RECURSION = YES;
				CLANG_WARN_INT_CONVERSION = YES;
				CLANG_WARN_NON_LITERAL_NULL_CONVERSION = YES;
				CLANG_WARN_OBJC_IMPLICIT_RETAIN_SELF = YES;
				CLANG_WARN_OBJC_LITERAL_CONVERSION = YES;
				CLANG_WARN_OBJC_ROOT_CLASS = YES_ERROR;
				CLANG_WARN_QUOTED_INCLUDE_IN_FRAMEWORK_HEADER = YES;
				CLANG_WARN_RANGE_LOOP_ANALYSIS = YES;
				CLANG_WARN_STRICT_PROTOTYPES = YES;
				CLANG_WARN_SUSPICIOUS_MOVE = YES;
				CLANG_WARN_UNGUARDED_AVAILABILITY = YES_AGGRESSIVE;
				CLANG_WARN_UNREACHABLE_CODE = YES;
				CLANG_WARN__DUPLICATE_METHOD_MATCH = YES;
				COPY_PHASE_STRIP = NO;
				DEBUG_INFORMATION_FORMAT = dwarf;
				ENABLE_STRICT_OBJC_MSGSEND = YES;
				ENABLE_TESTABILITY = YES;
				GCC_C_LANGUAGE_STANDARD = gnu11;
				GCC_DYNAMIC_NO_PIC = NO;
				GCC_NO_COMMON_BLOCKS = YES;
				GCC_OPTIMIZATION_LEVEL = 0;
				GCC_PREPROCESSOR_DEFINITIONS = (
					"DEBUG=1",
					"$(inherited)",
				);
				GCC_WARN_64_TO_32_BIT_CONVERSION = YES;
				GCC_WARN_ABOUT_RETURN_TYPE = YES_ERROR;
				GCC_WARN_UNDECLARED_SELECTOR = YES;
				GCC_WARN_UNINITIALIZED_AUTOS = YES_AGGRESSIVE;
				GCC_WARN_UNUSED_FUNCTION = YES;
				GCC_WARN_UNUSED_VARIABLE = YES;
				IPHONEOS_DEPLOYMENT_TARGET = 15.5;
				MTL_ENABLE_DEBUG_INFO = INCLUDE_SOURCE;
				MTL_FAST_MATH = YES;
				ONLY_ACTIVE_ARCH = YES;
				SDKROOT = iphoneos;
				SWIFT_ACTIVE_COMPILATION_CONDITIONS = DEBUG;
				SWIFT_OPTIMIZATION_LEVEL = "-Onone";
			};
			name = Debug;
		};
		D0BDFD132890DD99002DEA45 /* Release */ = {
			isa = XCBuildConfiguration;
			buildSettings = {
				ALWAYS_SEARCH_USER_PATHS = NO;
				CLANG_ANALYZER_NONNULL = YES;
				CLANG_ANALYZER_NUMBER_OBJECT_CONVERSION = YES_AGGRESSIVE;
				CLANG_CXX_LANGUAGE_STANDARD = "gnu++17";
				CLANG_ENABLE_MODULES = YES;
				CLANG_ENABLE_OBJC_ARC = YES;
				CLANG_ENABLE_OBJC_WEAK = YES;
				CLANG_WARN_BLOCK_CAPTURE_AUTORELEASING = YES;
				CLANG_WARN_BOOL_CONVERSION = YES;
				CLANG_WARN_COMMA = YES;
				CLANG_WARN_CONSTANT_CONVERSION = YES;
				CLANG_WARN_DEPRECATED_OBJC_IMPLEMENTATIONS = YES;
				CLANG_WARN_DIRECT_OBJC_ISA_USAGE = YES_ERROR;
				CLANG_WARN_DOCUMENTATION_COMMENTS = YES;
				CLANG_WARN_EMPTY_BODY = YES;
				CLANG_WARN_ENUM_CONVERSION = YES;
				CLANG_WARN_INFINITE_RECURSION = YES;
				CLANG_WARN_INT_CONVERSION = YES;
				CLANG_WARN_NON_LITERAL_NULL_CONVERSION = YES;
				CLANG_WARN_OBJC_IMPLICIT_RETAIN_SELF = YES;
				CLANG_WARN_OBJC_LITERAL_CONVERSION = YES;
				CLANG_WARN_OBJC_ROOT_CLASS = YES_ERROR;
				CLANG_WARN_QUOTED_INCLUDE_IN_FRAMEWORK_HEADER = YES;
				CLANG_WARN_RANGE_LOOP_ANALYSIS = YES;
				CLANG_WARN_STRICT_PROTOTYPES = YES;
				CLANG_WARN_SUSPICIOUS_MOVE = YES;
				CLANG_WARN_UNGUARDED_AVAILABILITY = YES_AGGRESSIVE;
				CLANG_WARN_UNREACHABLE_CODE = YES;
				CLANG_WARN__DUPLICATE_METHOD_MATCH = YES;
				COPY_PHASE_STRIP = NO;
				DEBUG_INFORMATION_FORMAT = "dwarf-with-dsym";
				ENABLE_NS_ASSERTIONS = NO;
				ENABLE_STRICT_OBJC_MSGSEND = YES;
				GCC_C_LANGUAGE_STANDARD = gnu11;
				GCC_NO_COMMON_BLOCKS = YES;
				GCC_WARN_64_TO_32_BIT_CONVERSION = YES;
				GCC_WARN_ABOUT_RETURN_TYPE = YES_ERROR;
				GCC_WARN_UNDECLARED_SELECTOR = YES;
				GCC_WARN_UNINITIALIZED_AUTOS = YES_AGGRESSIVE;
				GCC_WARN_UNUSED_FUNCTION = YES;
				GCC_WARN_UNUSED_VARIABLE = YES;
				IPHONEOS_DEPLOYMENT_TARGET = 15.5;
				MTL_ENABLE_DEBUG_INFO = NO;
				MTL_FAST_MATH = YES;
				SDKROOT = iphoneos;
				SWIFT_COMPILATION_MODE = wholemodule;
				SWIFT_OPTIMIZATION_LEVEL = "-O";
				VALIDATE_PRODUCT = YES;
			};
			name = Release;
		};
		D0BDFD152890DD99002DEA45 /* Debug */ = {
			isa = XCBuildConfiguration;
			buildSettings = {
				ASSETCATALOG_COMPILER_APPICON_NAME = AppIcon;
				ASSETCATALOG_COMPILER_GLOBAL_ACCENT_COLOR_NAME = AccentColor;
				CODE_SIGN_STYLE = Automatic;
				CURRENT_PROJECT_VERSION = 1;
				DEVELOPMENT_TEAM = PW2RLJT734;
				GENERATE_INFOPLIST_FILE = YES;
				INFOPLIST_FILE = SeSac4LectureNetworkBasic/Info.plist;
				INFOPLIST_KEY_UIApplicationSupportsIndirectInputEvents = YES;
				INFOPLIST_KEY_UILaunchStoryboardName = LaunchScreen;
				INFOPLIST_KEY_UIMainStoryboardFile = Main;
				INFOPLIST_KEY_UISupportedInterfaceOrientations_iPad = "UIInterfaceOrientationPortrait UIInterfaceOrientationPortraitUpsideDown UIInterfaceOrientationLandscapeLeft UIInterfaceOrientationLandscapeRight";
				INFOPLIST_KEY_UISupportedInterfaceOrientations_iPhone = "UIInterfaceOrientationPortrait UIInterfaceOrientationLandscapeLeft UIInterfaceOrientationLandscapeRight";
				IPHONEOS_DEPLOYMENT_TARGET = 15.0;
				LD_RUNPATH_SEARCH_PATHS = (
					"$(inherited)",
					"@executable_path/Frameworks",
				);
				MARKETING_VERSION = 1.0;
				PRODUCT_BUNDLE_IDENTIFIER = com.DongHee.SeSac4LectureNetworkBasic;
				PRODUCT_NAME = "$(TARGET_NAME)";
				SWIFT_EMIT_LOC_STRINGS = YES;
				SWIFT_VERSION = 5.0;
				TARGETED_DEVICE_FAMILY = 1;
			};
			name = Debug;
		};
		D0BDFD162890DD99002DEA45 /* Release */ = {
			isa = XCBuildConfiguration;
			buildSettings = {
				ASSETCATALOG_COMPILER_APPICON_NAME = AppIcon;
				ASSETCATALOG_COMPILER_GLOBAL_ACCENT_COLOR_NAME = AccentColor;
				CODE_SIGN_STYLE = Automatic;
				CURRENT_PROJECT_VERSION = 1;
				DEVELOPMENT_TEAM = PW2RLJT734;
				GENERATE_INFOPLIST_FILE = YES;
				INFOPLIST_FILE = SeSac4LectureNetworkBasic/Info.plist;
				INFOPLIST_KEY_UIApplicationSupportsIndirectInputEvents = YES;
				INFOPLIST_KEY_UILaunchStoryboardName = LaunchScreen;
				INFOPLIST_KEY_UIMainStoryboardFile = Main;
				INFOPLIST_KEY_UISupportedInterfaceOrientations_iPad = "UIInterfaceOrientationPortrait UIInterfaceOrientationPortraitUpsideDown UIInterfaceOrientationLandscapeLeft UIInterfaceOrientationLandscapeRight";
				INFOPLIST_KEY_UISupportedInterfaceOrientations_iPhone = "UIInterfaceOrientationPortrait UIInterfaceOrientationLandscapeLeft UIInterfaceOrientationLandscapeRight";
				IPHONEOS_DEPLOYMENT_TARGET = 15.0;
				LD_RUNPATH_SEARCH_PATHS = (
					"$(inherited)",
					"@executable_path/Frameworks",
				);
				MARKETING_VERSION = 1.0;
				PRODUCT_BUNDLE_IDENTIFIER = com.DongHee.SeSac4LectureNetworkBasic;
				PRODUCT_NAME = "$(TARGET_NAME)";
				SWIFT_EMIT_LOC_STRINGS = YES;
				SWIFT_VERSION = 5.0;
				TARGETED_DEVICE_FAMILY = 1;
			};
			name = Release;
		};
/* End XCBuildConfiguration section */

/* Begin XCConfigurationList section */
		D0BDFCFB2890DD98002DEA45 /* Build configuration list for PBXProject "SeSac4LectureNetworkBasic" */ = {
			isa = XCConfigurationList;
			buildConfigurations = (
				D0BDFD122890DD99002DEA45 /* Debug */,
				D0BDFD132890DD99002DEA45 /* Release */,
			);
			defaultConfigurationIsVisible = 0;
			defaultConfigurationName = Release;
		};
		D0BDFD142890DD99002DEA45 /* Build configuration list for PBXNativeTarget "SeSac4LectureNetworkBasic" */ = {
			isa = XCConfigurationList;
			buildConfigurations = (
				D0BDFD152890DD99002DEA45 /* Debug */,
				D0BDFD162890DD99002DEA45 /* Release */,
			);
			defaultConfigurationIsVisible = 0;
			defaultConfigurationName = Release;
		};
/* End XCConfigurationList section */

/* Begin XCRemoteSwiftPackageReference section */
		D0399C6C28977CEA00D5FDD0 /* XCRemoteSwiftPackageReference "Alamofire" */ = {
			isa = XCRemoteSwiftPackageReference;
			repositoryURL = "http://github.com/Alamofire/Alamofire";
			requirement = {
				kind = upToNextMajorVersion;
				minimumVersion = 5.0.0;
			};
		};
		D0399C6F28977D0300D5FDD0 /* XCRemoteSwiftPackageReference "SwiftyJSON" */ = {
			isa = XCRemoteSwiftPackageReference;
			repositoryURL = "https://github.com/SwiftyJSON/SwiftyJSON.git";
			requirement = {
				kind = upToNextMajorVersion;
				minimumVersion = 5.0.0;
			};
		};
		D07AEBDA289B506B00535701 /* XCRemoteSwiftPackageReference "JGProgressHUD" */ = {
			isa = XCRemoteSwiftPackageReference;
			repositoryURL = "https://github.com/JonasGessner/JGProgressHUD.git";
			requirement = {
				kind = upToNextMajorVersion;
				minimumVersion = 2.0.0;
			};
		};
/* End XCRemoteSwiftPackageReference section */

/* Begin XCSwiftPackageProductDependency section */
		D0399C6D28977CEA00D5FDD0 /* Alamofire */ = {
			isa = XCSwiftPackageProductDependency;
			package = D0399C6C28977CEA00D5FDD0 /* XCRemoteSwiftPackageReference "Alamofire" */;
			productName = Alamofire;
		};
		D0399C7028977D0300D5FDD0 /* SwiftyJSON */ = {
			isa = XCSwiftPackageProductDependency;
			package = D0399C6F28977D0300D5FDD0 /* XCRemoteSwiftPackageReference "SwiftyJSON" */;
			productName = SwiftyJSON;
		};
		D07AEBDB289B506B00535701 /* JGProgressHUD */ = {
			isa = XCSwiftPackageProductDependency;
			package = D07AEBDA289B506B00535701 /* XCRemoteSwiftPackageReference "JGProgressHUD" */;
			productName = JGProgressHUD;
		};
/* End XCSwiftPackageProductDependency section */
	};
	rootObject = D0BDFCF82890DD98002DEA45 /* Project object */;
}
